
Microsoft Visual Studio Solution File, Format Version 12.00
# Visual Studio Version 16
VisualStudioVersion = 16.0.30503.244
MinimumVisualStudioVersion = 10.0.40219.1
Project("{8BC9CEB8-8B4A-11D0-8D11-00A0C91BC942}") = "Smartphone", "Smartphone\Smartphone.vcxproj", "{17140AEE-A978-4D68-88B2-5282056AD39A}"
EndProject
Global
	GlobalSection(SolutionConfigurationPlatforms) = preSolution
		Debug|x64 = Debug|x64
		Debug|x86 = Debug|x86
		Release|x64 = Release|x64
		Release|x86 = Release|x86
	EndGlobalSection
	GlobalSection(ProjectConfigurationPlatforms) = postSolution
		{17140AEE-A978-4D68-88B2-5282056AD39A}.Debug|x64.ActiveCfg = Debug|x64
		{17140AEE-A978-4D68-88B2-5282056AD39A}.Debug|x64.Build.0 = Debug|x64
		{17140AEE-A978-4D68-88B2-5282056AD39A}.Debug|x86.ActiveCfg = Debug|Win32
		{17140AEE-A978-4D68-88B2-5282056AD39A}.Debug|x86.Build.0 = Debug|Win32
		{17140AEE-A978-4D68-88B2-5282056AD39A}.Release|x64.ActiveCfg = Release|x64
		{17140AEE-A978-4D68-88B2-5282056AD39A}.Release|x64.Build.0 = Release|x64
		{17140AEE-A978-4D68-88B2-5282056AD39A}.Release|x86.ActiveCfg = Release|Win32
		{17140AEE-A978-4D68-88B2-5282056AD39A}.Release|x86.Build.0 = Release|Win32
	EndGlobalSection
	GlobalSection(SolutionProperties) = preSolution
		HideSolutionNode = FALSE
	EndGlobalSection
	GlobalSection(ExtensibilityGlobals) = postSolution
		SolutionGuid = {7C83D285-D2FF-430A-BDB2-37A841CCBEEB}
	EndGlobalSection
EndGlobal
